
Microsoft Visual Studio Solution File, Format Version 12.00
# Visual Studio Version 16
VisualStudioVersion = 16.0.31019.35
MinimumVisualStudioVersion = 10.0.40219.1
Project("{9A19103F-16F7-4668-BE54-9A1E7A4F7556}") = "Serilog", "Serilog\Serilog.csproj", "{A01541F7-54A7-4996-9FA1-FDF8E9D6A22B}"
EndProject
Project("{9A19103F-16F7-4668-BE54-9A1E7A4F7556}") = "Serilog.ConsoleTest", "Serilog.ConsoleTest\Serilog.ConsoleTest.csproj", "{F475C26C-A681-41C0-9EDB-5662BB43D2BC}"
EndProject
Project("{9A19103F-16F7-4668-BE54-9A1E7A4F7556}") = "Serilog.Test", "Serilog.Test\Serilog.Test.csproj", "{A250B85C-C8C0-4502-A066-3BE748FA0AD2}"
EndProject
Project("{2150E333-8FDC-42A3-9474-1A3956D46DE8}") = "+Serilog", "+Serilog", "{AFADA955-AE58-4214-AC35-B576A51AC3FE}"
EndProject
Project("{2150E333-8FDC-42A3-9474-1A3956D46DE8}") = "Tests", "Tests", "{5FA6D0C4-C0F8-4487-916B-C14C036E9A87}"
EndProject
Project("{2150E333-8FDC-42A3-9474-1A3956D46DE8}") = "+Microsoft", "+Microsoft", "{67010671-F9D6-4441-A3BB-D3E61521B6E7}"
EndProject
Project("{2150E333-8FDC-42A3-9474-1A3956D46DE8}") = "Tests", "Tests", "{DD740BFF-6756-485A-881A-97B5CAB7EC6F}"
EndProject
Project("{FAE04EC0-301F-11D3-BF4B-00C04F79EFBC}") = "Serilog.Seq", "Serilog.Seq\Serilog.Seq.csproj", "{2309F895-E2D3-49ED-A30A-8A299BFB3FCF}"
EndProject
Project("{FAE04EC0-301F-11D3-BF4B-00C04F79EFBC}") = "Serilog.Seq.Test", "Serilog.Seq.Test\Serilog.Seq.Test.csproj", "{96BB6AF4-0B10-479D-9FE5-AF6055514729}"
EndProject
Project("{FAE04EC0-301F-11D3-BF4B-00C04F79EFBC}") = "Serilog.File", "Serilog.File\Serilog.File.csproj", "{92434F55-3980-4554-BD35-A915BD6DEF91}"
EndProject
Project("{FAE04EC0-301F-11D3-BF4B-00C04F79EFBC}") = "Serilog.File.Test", "Serilog.File.Test\Serilog.File.Test.csproj", "{687B3E54-047A-493F-8434-1CE5A3BD78DB}"
EndProject
Global
	GlobalSection(SolutionConfigurationPlatforms) = preSolution
		Debug|Any CPU = Debug|Any CPU
		Release|Any CPU = Release|Any CPU
	EndGlobalSection
	GlobalSection(ProjectConfigurationPlatforms) = postSolution
		{A01541F7-54A7-4996-9FA1-FDF8E9D6A22B}.Debug|Any CPU.ActiveCfg = Debug|Any CPU
		{A01541F7-54A7-4996-9FA1-FDF8E9D6A22B}.Debug|Any CPU.Build.0 = Debug|Any CPU
		{A01541F7-54A7-4996-9FA1-FDF8E9D6A22B}.Release|Any CPU.ActiveCfg = Release|Any CPU
		{A01541F7-54A7-4996-9FA1-FDF8E9D6A22B}.Release|Any CPU.Build.0 = Release|Any CPU
		{F475C26C-A681-41C0-9EDB-5662BB43D2BC}.Debug|Any CPU.ActiveCfg = Debug|Any CPU
		{F475C26C-A681-41C0-9EDB-5662BB43D2BC}.Debug|Any CPU.Build.0 = Debug|Any CPU
		{F475C26C-A681-41C0-9EDB-5662BB43D2BC}.Release|Any CPU.ActiveCfg = Release|Any CPU
		{F475C26C-A681-41C0-9EDB-5662BB43D2BC}.Release|Any CPU.Build.0 = Release|Any CPU
		{A250B85C-C8C0-4502-A066-3BE748FA0AD2}.Debug|Any CPU.ActiveCfg = Debug|Any CPU
		{A250B85C-C8C0-4502-A066-3BE748FA0AD2}.Debug|Any CPU.Build.0 = Debug|Any CPU
		{A250B85C-C8C0-4502-A066-3BE748FA0AD2}.Release|Any CPU.ActiveCfg = Release|Any CPU
		{A250B85C-C8C0-4502-A066-3BE748FA0AD2}.Release|Any CPU.Build.0 = Release|Any CPU
		{2309F895-E2D3-49ED-A30A-8A299BFB3FCF}.Debug|Any CPU.ActiveCfg = Debug|Any CPU
		{2309F895-E2D3-49ED-A30A-8A299BFB3FCF}.Debug|Any CPU.Build.0 = Debug|Any CPU
		{2309F895-E2D3-49ED-A30A-8A299BFB3FCF}.Release|Any CPU.ActiveCfg = Release|Any CPU
		{2309F895-E2D3-49ED-A30A-8A299BFB3FCF}.Release|Any CPU.Build.0 = Release|Any CPU
		{96BB6AF4-0B10-479D-9FE5-AF6055514729}.Debug|Any CPU.ActiveCfg = Debug|Any CPU
		{96BB6AF4-0B10-479D-9FE5-AF6055514729}.Debug|Any CPU.Build.0 = Debug|Any CPU
		{96BB6AF4-0B10-479D-9FE5-AF6055514729}.Release|Any CPU.ActiveCfg = Release|Any CPU
		{96BB6AF4-0B10-479D-9FE5-AF6055514729}.Release|Any CPU.Build.0 = Release|Any CPU
		{92434F55-3980-4554-BD35-A915BD6DEF91}.Debug|Any CPU.ActiveCfg = Debug|Any CPU
		{92434F55-3980-4554-BD35-A915BD6DEF91}.Debug|Any CPU.Build.0 = Debug|Any CPU
		{92434F55-3980-4554-BD35-A915BD6DEF91}.Release|Any CPU.ActiveCfg = Release|Any CPU
		{92434F55-3980-4554-BD35-A915BD6DEF91}.Release|Any CPU.Build.0 = Release|Any CPU
		{687B3E54-047A-493F-8434-1CE5A3BD78DB}.Debug|Any CPU.ActiveCfg = Debug|Any CPU
		{687B3E54-047A-493F-8434-1CE5A3BD78DB}.Debug|Any CPU.Build.0 = Debug|Any CPU
		{687B3E54-047A-493F-8434-1CE5A3BD78DB}.Release|Any CPU.ActiveCfg = Release|Any CPU
		{687B3E54-047A-493F-8434-1CE5A3BD78DB}.Release|Any CPU.Build.0 = Release|Any CPU
	EndGlobalSection
	GlobalSection(SolutionProperties) = preSolution
		HideSolutionNode = FALSE
	EndGlobalSection
	GlobalSection(NestedProjects) = preSolution
		{A01541F7-54A7-4996-9FA1-FDF8E9D6A22B} = {AFADA955-AE58-4214-AC35-B576A51AC3FE}
		{F475C26C-A681-41C0-9EDB-5662BB43D2BC} = {5FA6D0C4-C0F8-4487-916B-C14C036E9A87}
		{A250B85C-C8C0-4502-A066-3BE748FA0AD2} = {5FA6D0C4-C0F8-4487-916B-C14C036E9A87}
		{5FA6D0C4-C0F8-4487-916B-C14C036E9A87} = {AFADA955-AE58-4214-AC35-B576A51AC3FE}
		{DD740BFF-6756-485A-881A-97B5CAB7EC6F} = {67010671-F9D6-4441-A3BB-D3E61521B6E7}
		{2309F895-E2D3-49ED-A30A-8A299BFB3FCF} = {AFADA955-AE58-4214-AC35-B576A51AC3FE}
		{96BB6AF4-0B10-479D-9FE5-AF6055514729} = {5FA6D0C4-C0F8-4487-916B-C14C036E9A87}
		{92434F55-3980-4554-BD35-A915BD6DEF91} = {AFADA955-AE58-4214-AC35-B576A51AC3FE}
		{687B3E54-047A-493F-8434-1CE5A3BD78DB} = {5FA6D0C4-C0F8-4487-916B-C14C036E9A87}
	EndGlobalSection
	GlobalSection(ExtensibilityGlobals) = postSolution
		SolutionGuid = {09B3A735-03F6-4F7B-9609-10F3E51502B5}
	EndGlobalSection
EndGlobal
