
Microsoft Visual Studio Solution File, Format Version 12.00
# Visual Studio Version 17
VisualStudioVersion = 17.0.32112.339
MinimumVisualStudioVersion = 10.0.40219.1
Project("{2150E333-8FDC-42A3-9474-1A3956D46DE8}") = "Solution Items", "Solution Items", "{31C21C2E-B1E8-4780-8C35-5020B4245F37}"
	ProjectSection(SolutionItems) = preProject
		.editorconfig = .editorconfig
	EndProjectSection
EndProject
Project("{9A19103F-16F7-4668-BE54-9A1E7A4F7556}") = "Logging.Base", "Logging.Base\Logging.Base.csproj", "{F7B3E03D-7C0F-4EFA-81DB-75B26D6923AD}"
EndProject
Project("{9A19103F-16F7-4668-BE54-9A1E7A4F7556}") = "Logging.Base.Test", "Logging.Base.Test\Logging.Base.Test.csproj", "{62BF88D5-95DA-40D8-B404-A3EA4FFF53AD}"
EndProject
Project("{9A19103F-16F7-4668-BE54-9A1E7A4F7556}") = "Serilog", "Serilog\Serilog.csproj", "{A01541F7-54A7-4996-9FA1-FDF8E9D6A22B}"
EndProject
Project("{9A19103F-16F7-4668-BE54-9A1E7A4F7556}") = "Serilog.ConsoleTest", "Serilog.ConsoleTest\Serilog.ConsoleTest.csproj", "{F475C26C-A681-41C0-9EDB-5662BB43D2BC}"
EndProject
Project("{9A19103F-16F7-4668-BE54-9A1E7A4F7556}") = "Serilog.Test", "Serilog.Test\Serilog.Test.csproj", "{A250B85C-C8C0-4502-A066-3BE748FA0AD2}"
EndProject
Project("{2150E333-8FDC-42A3-9474-1A3956D46DE8}") = "+Serilog", "+Serilog", "{AFADA955-AE58-4214-AC35-B576A51AC3FE}"
EndProject
Project("{2150E333-8FDC-42A3-9474-1A3956D46DE8}") = "Tests", "Tests", "{5FA6D0C4-C0F8-4487-916B-C14C036E9A87}"
EndProject
Project("{2150E333-8FDC-42A3-9474-1A3956D46DE8}") = "+Microsoft", "+Microsoft", "{67010671-F9D6-4441-A3BB-D3E61521B6E7}"
EndProject
Project("{2150E333-8FDC-42A3-9474-1A3956D46DE8}") = "Tests", "Tests", "{DD740BFF-6756-485A-881A-97B5CAB7EC6F}"
EndProject
Project("{9A19103F-16F7-4668-BE54-9A1E7A4F7556}") = "Serilog.Seq", "Serilog.Seq\Serilog.Seq.csproj", "{2309F895-E2D3-49ED-A30A-8A299BFB3FCF}"
EndProject
Project("{9A19103F-16F7-4668-BE54-9A1E7A4F7556}") = "Serilog.Seq.Test", "Serilog.Seq.Test\Serilog.Seq.Test.csproj", "{96BB6AF4-0B10-479D-9FE5-AF6055514729}"
EndProject
Project("{9A19103F-16F7-4668-BE54-9A1E7A4F7556}") = "Serilog.File", "Serilog.File\Serilog.File.csproj", "{92434F55-3980-4554-BD35-A915BD6DEF91}"
EndProject
Project("{9A19103F-16F7-4668-BE54-9A1E7A4F7556}") = "Serilog.File.Test", "Serilog.File.Test\Serilog.File.Test.csproj", "{687B3E54-047A-493F-8434-1CE5A3BD78DB}"
EndProject
Project("{9A19103F-16F7-4668-BE54-9A1E7A4F7556}") = "Microsoft", "Microsoft\Microsoft.csproj", "{9DDEAFBE-D09A-4606-8192-B3BF42CB984E}"
EndProject
Project("{9A19103F-16F7-4668-BE54-9A1E7A4F7556}") = "Microsoft.Test", "Microsoft.Test\Microsoft.Test.csproj", "{17E47DCC-3708-4BCB-8DF4-AE1C5E50FF7F}"
EndProject
Project("{9A19103F-16F7-4668-BE54-9A1E7A4F7556}") = "Microsoft.ConsoleTest", "Microsoft.ConsoleTest\Microsoft.ConsoleTest.csproj", "{9B9053D9-1172-4E47-9A86-CA2DE71AA252}"
EndProject
Project("{9A19103F-16F7-4668-BE54-9A1E7A4F7556}") = "Serilog.Microsoft", "Serilog.Microsoft\Serilog.Microsoft.csproj", "{90A3EBB4-949E-4065-9F2D-E81E7A0A957B}"
EndProject
Project("{9A19103F-16F7-4668-BE54-9A1E7A4F7556}") = "Serilog.Microsoft.Test", "Serilog.Microsoft.Test\Serilog.Microsoft.Test.csproj", "{48DCDD68-E9EA-4A03-BE75-1C1A47A4AE81}"
EndProject
Project("{9A19103F-16F7-4668-BE54-9A1E7A4F7556}") = "Microsoft.Autofac", "Microsoft.Autofac\Microsoft.Autofac.csproj", "{E0A64D63-DA73-4A5C-BF60-23B8F7091D91}"
EndProject
Project("{9A19103F-16F7-4668-BE54-9A1E7A4F7556}") = "Microsoft.Autofac.Test", "Microsoft.Autofac.Test\Microsoft.Autofac.Test.csproj", "{E0037D71-DA67-42EC-A087-7975ADB8F6E2}"
EndProject
Project("{2150E333-8FDC-42A3-9474-1A3956D46DE8}") = "Tests", "Tests", "{2E285F25-20DE-4F7B-ABB9-D393C7808C36}"
EndProject
Global
	GlobalSection(SolutionConfigurationPlatforms) = preSolution
		Debug|Any CPU = Debug|Any CPU
		Release|Any CPU = Release|Any CPU
	EndGlobalSection
	GlobalSection(ProjectConfigurationPlatforms) = postSolution
		{F7B3E03D-7C0F-4EFA-81DB-75B26D6923AD}.Debug|Any CPU.ActiveCfg = Debug|Any CPU
		{F7B3E03D-7C0F-4EFA-81DB-75B26D6923AD}.Debug|Any CPU.Build.0 = Debug|Any CPU
		{F7B3E03D-7C0F-4EFA-81DB-75B26D6923AD}.Release|Any CPU.ActiveCfg = Release|Any CPU
		{F7B3E03D-7C0F-4EFA-81DB-75B26D6923AD}.Release|Any CPU.Build.0 = Release|Any CPU
		{A01541F7-54A7-4996-9FA1-FDF8E9D6A22B}.Debug|Any CPU.ActiveCfg = Debug|Any CPU
		{A01541F7-54A7-4996-9FA1-FDF8E9D6A22B}.Debug|Any CPU.Build.0 = Debug|Any CPU
		{A01541F7-54A7-4996-9FA1-FDF8E9D6A22B}.Release|Any CPU.ActiveCfg = Release|Any CPU
		{A01541F7-54A7-4996-9FA1-FDF8E9D6A22B}.Release|Any CPU.Build.0 = Release|Any CPU
		{F475C26C-A681-41C0-9EDB-5662BB43D2BC}.Debug|Any CPU.ActiveCfg = Debug|Any CPU
		{F475C26C-A681-41C0-9EDB-5662BB43D2BC}.Debug|Any CPU.Build.0 = Debug|Any CPU
		{F475C26C-A681-41C0-9EDB-5662BB43D2BC}.Release|Any CPU.ActiveCfg = Release|Any CPU
		{F475C26C-A681-41C0-9EDB-5662BB43D2BC}.Release|Any CPU.Build.0 = Release|Any CPU
		{A250B85C-C8C0-4502-A066-3BE748FA0AD2}.Debug|Any CPU.ActiveCfg = Debug|Any CPU
		{A250B85C-C8C0-4502-A066-3BE748FA0AD2}.Debug|Any CPU.Build.0 = Debug|Any CPU
		{A250B85C-C8C0-4502-A066-3BE748FA0AD2}.Release|Any CPU.ActiveCfg = Release|Any CPU
		{A250B85C-C8C0-4502-A066-3BE748FA0AD2}.Release|Any CPU.Build.0 = Release|Any CPU
		{2309F895-E2D3-49ED-A30A-8A299BFB3FCF}.Debug|Any CPU.ActiveCfg = Debug|Any CPU
		{2309F895-E2D3-49ED-A30A-8A299BFB3FCF}.Debug|Any CPU.Build.0 = Debug|Any CPU
		{2309F895-E2D3-49ED-A30A-8A299BFB3FCF}.Release|Any CPU.ActiveCfg = Release|Any CPU
		{2309F895-E2D3-49ED-A30A-8A299BFB3FCF}.Release|Any CPU.Build.0 = Release|Any CPU
		{96BB6AF4-0B10-479D-9FE5-AF6055514729}.Debug|Any CPU.ActiveCfg = Debug|Any CPU
		{96BB6AF4-0B10-479D-9FE5-AF6055514729}.Debug|Any CPU.Build.0 = Debug|Any CPU
		{96BB6AF4-0B10-479D-9FE5-AF6055514729}.Release|Any CPU.ActiveCfg = Release|Any CPU
		{96BB6AF4-0B10-479D-9FE5-AF6055514729}.Release|Any CPU.Build.0 = Release|Any CPU
		{92434F55-3980-4554-BD35-A915BD6DEF91}.Debug|Any CPU.ActiveCfg = Debug|Any CPU
		{92434F55-3980-4554-BD35-A915BD6DEF91}.Debug|Any CPU.Build.0 = Debug|Any CPU
		{92434F55-3980-4554-BD35-A915BD6DEF91}.Release|Any CPU.ActiveCfg = Release|Any CPU
		{92434F55-3980-4554-BD35-A915BD6DEF91}.Release|Any CPU.Build.0 = Release|Any CPU
		{687B3E54-047A-493F-8434-1CE5A3BD78DB}.Debug|Any CPU.ActiveCfg = Debug|Any CPU
		{687B3E54-047A-493F-8434-1CE5A3BD78DB}.Debug|Any CPU.Build.0 = Debug|Any CPU
		{687B3E54-047A-493F-8434-1CE5A3BD78DB}.Release|Any CPU.ActiveCfg = Release|Any CPU
		{687B3E54-047A-493F-8434-1CE5A3BD78DB}.Release|Any CPU.Build.0 = Release|Any CPU
		{9DDEAFBE-D09A-4606-8192-B3BF42CB984E}.Debug|Any CPU.ActiveCfg = Debug|Any CPU
		{9DDEAFBE-D09A-4606-8192-B3BF42CB984E}.Debug|Any CPU.Build.0 = Debug|Any CPU
		{9DDEAFBE-D09A-4606-8192-B3BF42CB984E}.Release|Any CPU.ActiveCfg = Release|Any CPU
		{9DDEAFBE-D09A-4606-8192-B3BF42CB984E}.Release|Any CPU.Build.0 = Release|Any CPU
		{17E47DCC-3708-4BCB-8DF4-AE1C5E50FF7F}.Debug|Any CPU.ActiveCfg = Debug|Any CPU
		{17E47DCC-3708-4BCB-8DF4-AE1C5E50FF7F}.Debug|Any CPU.Build.0 = Debug|Any CPU
		{17E47DCC-3708-4BCB-8DF4-AE1C5E50FF7F}.Release|Any CPU.ActiveCfg = Release|Any CPU
		{17E47DCC-3708-4BCB-8DF4-AE1C5E50FF7F}.Release|Any CPU.Build.0 = Release|Any CPU
		{9B9053D9-1172-4E47-9A86-CA2DE71AA252}.Debug|Any CPU.ActiveCfg = Debug|Any CPU
		{9B9053D9-1172-4E47-9A86-CA2DE71AA252}.Debug|Any CPU.Build.0 = Debug|Any CPU
		{9B9053D9-1172-4E47-9A86-CA2DE71AA252}.Release|Any CPU.ActiveCfg = Release|Any CPU
		{9B9053D9-1172-4E47-9A86-CA2DE71AA252}.Release|Any CPU.Build.0 = Release|Any CPU
		{90A3EBB4-949E-4065-9F2D-E81E7A0A957B}.Debug|Any CPU.ActiveCfg = Debug|Any CPU
		{90A3EBB4-949E-4065-9F2D-E81E7A0A957B}.Debug|Any CPU.Build.0 = Debug|Any CPU
		{90A3EBB4-949E-4065-9F2D-E81E7A0A957B}.Release|Any CPU.ActiveCfg = Release|Any CPU
		{90A3EBB4-949E-4065-9F2D-E81E7A0A957B}.Release|Any CPU.Build.0 = Release|Any CPU
		{48DCDD68-E9EA-4A03-BE75-1C1A47A4AE81}.Debug|Any CPU.ActiveCfg = Debug|Any CPU
		{48DCDD68-E9EA-4A03-BE75-1C1A47A4AE81}.Debug|Any CPU.Build.0 = Debug|Any CPU
		{48DCDD68-E9EA-4A03-BE75-1C1A47A4AE81}.Release|Any CPU.ActiveCfg = Release|Any CPU
		{48DCDD68-E9EA-4A03-BE75-1C1A47A4AE81}.Release|Any CPU.Build.0 = Release|Any CPU
		{E0A64D63-DA73-4A5C-BF60-23B8F7091D91}.Debug|Any CPU.ActiveCfg = Debug|Any CPU
		{E0A64D63-DA73-4A5C-BF60-23B8F7091D91}.Debug|Any CPU.Build.0 = Debug|Any CPU
		{E0A64D63-DA73-4A5C-BF60-23B8F7091D91}.Release|Any CPU.ActiveCfg = Release|Any CPU
		{E0A64D63-DA73-4A5C-BF60-23B8F7091D91}.Release|Any CPU.Build.0 = Release|Any CPU
		{E0037D71-DA67-42EC-A087-7975ADB8F6E2}.Debug|Any CPU.ActiveCfg = Debug|Any CPU
		{E0037D71-DA67-42EC-A087-7975ADB8F6E2}.Debug|Any CPU.Build.0 = Debug|Any CPU
		{E0037D71-DA67-42EC-A087-7975ADB8F6E2}.Release|Any CPU.ActiveCfg = Release|Any CPU
		{E0037D71-DA67-42EC-A087-7975ADB8F6E2}.Release|Any CPU.Build.0 = Release|Any CPU
		{62BF88D5-95DA-40D8-B404-A3EA4FFF53AD}.Debug|Any CPU.ActiveCfg = Debug|Any CPU
		{62BF88D5-95DA-40D8-B404-A3EA4FFF53AD}.Debug|Any CPU.Build.0 = Debug|Any CPU
		{62BF88D5-95DA-40D8-B404-A3EA4FFF53AD}.Release|Any CPU.ActiveCfg = Release|Any CPU
		{62BF88D5-95DA-40D8-B404-A3EA4FFF53AD}.Release|Any CPU.Build.0 = Release|Any CPU
	EndGlobalSection
	GlobalSection(SolutionProperties) = preSolution
		HideSolutionNode = FALSE
	EndGlobalSection
	GlobalSection(NestedProjects) = preSolution
		{A01541F7-54A7-4996-9FA1-FDF8E9D6A22B} = {AFADA955-AE58-4214-AC35-B576A51AC3FE}
		{F475C26C-A681-41C0-9EDB-5662BB43D2BC} = {5FA6D0C4-C0F8-4487-916B-C14C036E9A87}
		{A250B85C-C8C0-4502-A066-3BE748FA0AD2} = {5FA6D0C4-C0F8-4487-916B-C14C036E9A87}
		{5FA6D0C4-C0F8-4487-916B-C14C036E9A87} = {AFADA955-AE58-4214-AC35-B576A51AC3FE}
		{DD740BFF-6756-485A-881A-97B5CAB7EC6F} = {67010671-F9D6-4441-A3BB-D3E61521B6E7}
		{2309F895-E2D3-49ED-A30A-8A299BFB3FCF} = {AFADA955-AE58-4214-AC35-B576A51AC3FE}
		{96BB6AF4-0B10-479D-9FE5-AF6055514729} = {5FA6D0C4-C0F8-4487-916B-C14C036E9A87}
		{92434F55-3980-4554-BD35-A915BD6DEF91} = {AFADA955-AE58-4214-AC35-B576A51AC3FE}
		{687B3E54-047A-493F-8434-1CE5A3BD78DB} = {5FA6D0C4-C0F8-4487-916B-C14C036E9A87}
		{9DDEAFBE-D09A-4606-8192-B3BF42CB984E} = {67010671-F9D6-4441-A3BB-D3E61521B6E7}
		{17E47DCC-3708-4BCB-8DF4-AE1C5E50FF7F} = {DD740BFF-6756-485A-881A-97B5CAB7EC6F}
		{9B9053D9-1172-4E47-9A86-CA2DE71AA252} = {DD740BFF-6756-485A-881A-97B5CAB7EC6F}
		{90A3EBB4-949E-4065-9F2D-E81E7A0A957B} = {AFADA955-AE58-4214-AC35-B576A51AC3FE}
		{48DCDD68-E9EA-4A03-BE75-1C1A47A4AE81} = {5FA6D0C4-C0F8-4487-916B-C14C036E9A87}
		{E0A64D63-DA73-4A5C-BF60-23B8F7091D91} = {67010671-F9D6-4441-A3BB-D3E61521B6E7}
		{E0037D71-DA67-42EC-A087-7975ADB8F6E2} = {DD740BFF-6756-485A-881A-97B5CAB7EC6F}
		{62BF88D5-95DA-40D8-B404-A3EA4FFF53AD} = {2E285F25-20DE-4F7B-ABB9-D393C7808C36}
	EndGlobalSection
	GlobalSection(ExtensibilityGlobals) = postSolution
		SolutionGuid = {09B3A735-03F6-4F7B-9609-10F3E51502B5}
	EndGlobalSection
EndGlobal
